
Microsoft Visual Studio Solution File, Format Version 12.00
# Visual Studio Version 16
VisualStudioVersion = 16.0.810.7
MinimumVisualStudioVersion = 10.0.40219.1
Project("{FAE04EC0-301F-11D3-BF4B-00C04F79EFBC}") = "HelloWorld", "HelloWorld\HelloWorld.csproj", "{C650EADA-D577-49D2-8BEF-5FD50312CA26}"
EndProject
Project("{FAE04EC0-301F-11D3-BF4B-00C04F79EFBC}") = "HelloWorld.Tests", "HelloWorld.Tests\HelloWorld.Tests.csproj", "{75A3A013-CBE1-4346-AAAA-4460FAD36648}"
EndProject
Global
	GlobalSection(SolutionConfigurationPlatforms) = preSolution
		Debug|Any CPU = Debug|Any CPU
		Release|Any CPU = Release|Any CPU
	EndGlobalSection
	GlobalSection(ProjectConfigurationPlatforms) = postSolution
		{C650EADA-D577-49D2-8BEF-5FD50312CA26}.Debug|Any CPU.ActiveCfg = Debug|Any CPU
		{C650EADA-D577-49D2-8BEF-5FD50312CA26}.Debug|Any CPU.Build.0 = Debug|Any CPU
		{C650EADA-D577-49D2-8BEF-5FD50312CA26}.Release|Any CPU.ActiveCfg = Release|Any CPU
		{C650EADA-D577-49D2-8BEF-5FD50312CA26}.Release|Any CPU.Build.0 = Release|Any CPU
		{75A3A013-CBE1-4346-AAAA-4460FAD36648}.Debug|Any CPU.ActiveCfg = Debug|Any CPU
		{75A3A013-CBE1-4346-AAAA-4460FAD36648}.Debug|Any CPU.Build.0 = Debug|Any CPU
		{75A3A013-CBE1-4346-AAAA-4460FAD36648}.Release|Any CPU.ActiveCfg = Release|Any CPU
		{75A3A013-CBE1-4346-AAAA-4460FAD36648}.Release|Any CPU.Build.0 = Release|Any CPU
	EndGlobalSection
	GlobalSection(SolutionProperties) = preSolution
		HideSolutionNode = FALSE
	EndGlobalSection
	GlobalSection(ExtensibilityGlobals) = postSolution
		SolutionGuid = {134A6FAC-F961-4BC1-99AE-565B4E8B7CE4}
	EndGlobalSection
EndGlobal
