
Microsoft Visual Studio Solution File, Format Version 12.00
# Visual Studio Version 16
VisualStudioVersion = 16.0.810.9
MinimumVisualStudioVersion = 10.0.40219.1
Project("{FAE04EC0-301F-11D3-BF4B-00C04F79EFBC}") = "PartialClassSample", "PartialClassSample\PartialClassSample.csproj", "{481BC87F-19B9-4A0C-8AFF-EAC8D669BEBD}"
EndProject
Global
	GlobalSection(SolutionConfigurationPlatforms) = preSolution
		Debug|Any CPU = Debug|Any CPU
		Release|Any CPU = Release|Any CPU
	EndGlobalSection
	GlobalSection(ProjectConfigurationPlatforms) = postSolution
		{481BC87F-19B9-4A0C-8AFF-EAC8D669BEBD}.Debug|Any CPU.ActiveCfg = Debug|Any CPU
		{481BC87F-19B9-4A0C-8AFF-EAC8D669BEBD}.Debug|Any CPU.Build.0 = Debug|Any CPU
		{481BC87F-19B9-4A0C-8AFF-EAC8D669BEBD}.Release|Any CPU.ActiveCfg = Release|Any CPU
		{481BC87F-19B9-4A0C-8AFF-EAC8D669BEBD}.Release|Any CPU.Build.0 = Release|Any CPU
	EndGlobalSection
	GlobalSection(SolutionProperties) = preSolution
		HideSolutionNode = FALSE
	EndGlobalSection
	GlobalSection(ExtensibilityGlobals) = postSolution
		SolutionGuid = {D0880359-7DEC-4A2A-BBA8-3889EE7127B1}
	EndGlobalSection
EndGlobal
