
Microsoft Visual Studio Solution File, Format Version 12.00
# Visual Studio Version 16
VisualStudioVersion = 16.0.810.7
MinimumVisualStudioVersion = 10.0.40219.1
Project("{FAE04EC0-301F-11D3-BF4B-00C04F79EFBC}") = "DelegateSample", "DelegateSample\DelegateSample.csproj", "{E61EBA35-F536-4D01-BDDC-F0FB2FEBF44E}"
EndProject
Global
	GlobalSection(SolutionConfigurationPlatforms) = preSolution
		Debug|Any CPU = Debug|Any CPU
		Release|Any CPU = Release|Any CPU
	EndGlobalSection
	GlobalSection(ProjectConfigurationPlatforms) = postSolution
		{E61EBA35-F536-4D01-BDDC-F0FB2FEBF44E}.Debug|Any CPU.ActiveCfg = Debug|Any CPU
		{E61EBA35-F536-4D01-BDDC-F0FB2FEBF44E}.Debug|Any CPU.Build.0 = Debug|Any CPU
		{E61EBA35-F536-4D01-BDDC-F0FB2FEBF44E}.Release|Any CPU.ActiveCfg = Release|Any CPU
		{E61EBA35-F536-4D01-BDDC-F0FB2FEBF44E}.Release|Any CPU.Build.0 = Release|Any CPU
	EndGlobalSection
	GlobalSection(SolutionProperties) = preSolution
		HideSolutionNode = FALSE
	EndGlobalSection
	GlobalSection(ExtensibilityGlobals) = postSolution
		SolutionGuid = {28166902-4228-4F93-9B85-49F00623EA01}
	EndGlobalSection
EndGlobal
