
Microsoft Visual Studio Solution File, Format Version 12.00
# Visual Studio Version 16
VisualStudioVersion = 16.0.810.9
MinimumVisualStudioVersion = 10.0.40219.1
Project("{FAE04EC0-301F-11D3-BF4B-00C04F79EFBC}") = "AlgorithmSample", "AlgorithmSample\AlgorithmSample.csproj", "{17C1AA9B-9F31-4D9D-AEF6-9C5E597C259A}"
EndProject
Global
	GlobalSection(SolutionConfigurationPlatforms) = preSolution
		Debug|Any CPU = Debug|Any CPU
		Release|Any CPU = Release|Any CPU
	EndGlobalSection
	GlobalSection(ProjectConfigurationPlatforms) = postSolution
		{17C1AA9B-9F31-4D9D-AEF6-9C5E597C259A}.Debug|Any CPU.ActiveCfg = Debug|Any CPU
		{17C1AA9B-9F31-4D9D-AEF6-9C5E597C259A}.Debug|Any CPU.Build.0 = Debug|Any CPU
		{17C1AA9B-9F31-4D9D-AEF6-9C5E597C259A}.Release|Any CPU.ActiveCfg = Release|Any CPU
		{17C1AA9B-9F31-4D9D-AEF6-9C5E597C259A}.Release|Any CPU.Build.0 = Release|Any CPU
	EndGlobalSection
	GlobalSection(SolutionProperties) = preSolution
		HideSolutionNode = FALSE
	EndGlobalSection
	GlobalSection(ExtensibilityGlobals) = postSolution
		SolutionGuid = {1BEB000F-F794-4DBF-BC8E-04038ABEA972}
	EndGlobalSection
EndGlobal
